
Microsoft Visual Studio Solution File, Format Version 12.00
Project("{FAE04EC0-301F-11D3-BF4B-00C04F79EFBC}") = "introduction_to_csharp", "introduction_to_csharp\introduction_to_csharp.csproj", "{DA228DEC-97A9-4D99-8857-2FA7027F668A}"
EndProject
Project("{FAE04EC0-301F-11D3-BF4B-00C04F79EFBC}") = "Practice1-2", "Practice1-2\Practice1-2.csproj", "{1AF22F97-2B0D-4EEF-AA96-08131790C0C7}"
EndProject
Project("{FAE04EC0-301F-11D3-BF4B-00C04F79EFBC}") = "prep1", "prep1\prep1.csproj", "{3553F7CF-8C4C-4F6F-A289-C3B01243B903}"
EndProject
Project("{FAE04EC0-301F-11D3-BF4B-00C04F79EFBC}") = "prep3", "prep3\prep3.csproj", "{B14E25C5-4032-4B12-8AD6-8EBBAC7B88D8}"
EndProject
Project("{FAE04EC0-301F-11D3-BF4B-00C04F79EFBC}") = "practice3", "practice3\practice3.csproj", "{CD5CACE3-8DEB-4185-9621-42E94610AEF0}"
EndProject
Project("{FAE04EC0-301F-11D3-BF4B-00C04F79EFBC}") = "lesson-3", "lesson-3\lesson-3.csproj", "{7DFE2FDC-9A27-4178-A7FD-FB5FE7D7F846}"
EndProject
Project("{FAE04EC0-301F-11D3-BF4B-00C04F79EFBC}") = "lesson-4", "lesson-4\lesson-4.csproj", "{AA4714AB-39E8-42F8-8105-60A76BB00C77}"
EndProject
Global
	GlobalSection(SolutionConfigurationPlatforms) = preSolution
		Debug|Any CPU = Debug|Any CPU
		Release|Any CPU = Release|Any CPU
	EndGlobalSection
	GlobalSection(ProjectConfigurationPlatforms) = postSolution
		{DA228DEC-97A9-4D99-8857-2FA7027F668A}.Debug|Any CPU.ActiveCfg = Debug|Any CPU
		{DA228DEC-97A9-4D99-8857-2FA7027F668A}.Debug|Any CPU.Build.0 = Debug|Any CPU
		{DA228DEC-97A9-4D99-8857-2FA7027F668A}.Release|Any CPU.ActiveCfg = Release|Any CPU
		{DA228DEC-97A9-4D99-8857-2FA7027F668A}.Release|Any CPU.Build.0 = Release|Any CPU
		{1AF22F97-2B0D-4EEF-AA96-08131790C0C7}.Debug|Any CPU.ActiveCfg = Debug|Any CPU
		{1AF22F97-2B0D-4EEF-AA96-08131790C0C7}.Debug|Any CPU.Build.0 = Debug|Any CPU
		{1AF22F97-2B0D-4EEF-AA96-08131790C0C7}.Release|Any CPU.ActiveCfg = Release|Any CPU
		{1AF22F97-2B0D-4EEF-AA96-08131790C0C7}.Release|Any CPU.Build.0 = Release|Any CPU
		{3553F7CF-8C4C-4F6F-A289-C3B01243B903}.Debug|Any CPU.ActiveCfg = Debug|Any CPU
		{3553F7CF-8C4C-4F6F-A289-C3B01243B903}.Debug|Any CPU.Build.0 = Debug|Any CPU
		{3553F7CF-8C4C-4F6F-A289-C3B01243B903}.Release|Any CPU.ActiveCfg = Release|Any CPU
		{3553F7CF-8C4C-4F6F-A289-C3B01243B903}.Release|Any CPU.Build.0 = Release|Any CPU
		{B14E25C5-4032-4B12-8AD6-8EBBAC7B88D8}.Debug|Any CPU.ActiveCfg = Debug|Any CPU
		{B14E25C5-4032-4B12-8AD6-8EBBAC7B88D8}.Debug|Any CPU.Build.0 = Debug|Any CPU
		{B14E25C5-4032-4B12-8AD6-8EBBAC7B88D8}.Release|Any CPU.ActiveCfg = Release|Any CPU
		{B14E25C5-4032-4B12-8AD6-8EBBAC7B88D8}.Release|Any CPU.Build.0 = Release|Any CPU
		{CD5CACE3-8DEB-4185-9621-42E94610AEF0}.Debug|Any CPU.ActiveCfg = Debug|Any CPU
		{CD5CACE3-8DEB-4185-9621-42E94610AEF0}.Debug|Any CPU.Build.0 = Debug|Any CPU
		{CD5CACE3-8DEB-4185-9621-42E94610AEF0}.Release|Any CPU.ActiveCfg = Release|Any CPU
		{CD5CACE3-8DEB-4185-9621-42E94610AEF0}.Release|Any CPU.Build.0 = Release|Any CPU
		{7DFE2FDC-9A27-4178-A7FD-FB5FE7D7F846}.Debug|Any CPU.ActiveCfg = Debug|Any CPU
		{7DFE2FDC-9A27-4178-A7FD-FB5FE7D7F846}.Debug|Any CPU.Build.0 = Debug|Any CPU
		{7DFE2FDC-9A27-4178-A7FD-FB5FE7D7F846}.Release|Any CPU.ActiveCfg = Release|Any CPU
		{7DFE2FDC-9A27-4178-A7FD-FB5FE7D7F846}.Release|Any CPU.Build.0 = Release|Any CPU
		{AA4714AB-39E8-42F8-8105-60A76BB00C77}.Debug|Any CPU.ActiveCfg = Debug|Any CPU
		{AA4714AB-39E8-42F8-8105-60A76BB00C77}.Debug|Any CPU.Build.0 = Debug|Any CPU
		{AA4714AB-39E8-42F8-8105-60A76BB00C77}.Release|Any CPU.ActiveCfg = Release|Any CPU
		{AA4714AB-39E8-42F8-8105-60A76BB00C77}.Release|Any CPU.Build.0 = Release|Any CPU
	EndGlobalSection
EndGlobal
